<?xml version="1.0" encoding="utf-8"?>
<Project ToolsVersion="4.0" xmlns="http://schemas.microsoft.com/developer/msbuild/2003">
  <ItemGroup>
    <ClCompile Include="main.cpp" />
    <ClCompile Include="src\Scenes\CreateAPuzzle.cpp" />
    <ClCompile Include="src\Scenes\GameScene.cpp" />
    <ClCompile Include="src\World Handling\Room Generator.cpp" />
    <ClCompile Include="src\World Handling\Room Handler.cpp" />
    <ClCompile Include="src\World Handling\Room Layout.cpp" />
    <ClCompile Include="src\ServerGameModes\TheServerGame.cpp" />
    <ClCompile Include="src\Scenes\NetworkAI.cpp" />
    <ClCompile Include="src\Scenes\TutorialScene.cpp" />
    <ClCompile Include="src\Scenes\GameOverScene.cpp" />
  </ItemGroup>
  <ItemGroup>
    <ClInclude Include="Components\Combat.h" />
    <ClInclude Include="Components\Movement.h" />
    <ClInclude Include="src\Components\AiCombat.h" />
    <ClInclude Include="src\Components\AiMovement.h" />
    <ClInclude Include="src\Components\CameraMovement.h" />
    <ClInclude Include="src\Components\Combat.h" />
    <ClInclude Include="src\Components\Movement.h" />
    <ClInclude Include="src\Scenes\CreateAPuzzle.h" />
    <ClInclude Include="src\Scenes\GameScene.h" />
    <ClInclude Include="src\Systems\AiCombatSystem.hpp" />
    <ClInclude Include="src\Systems\AiMovementSystem.hpp" />
    <ClInclude Include="src\Scenes\NetworkAI.h" />
    <ClInclude Include="src\ServerGameModes\TheServerGame.h" />
    <ClInclude Include="src\Systems\CameraMovementSystem.hpp" />
    <ClInclude Include="src\Systems\CombatSystem.hpp" />
    <ClInclude Include="src\Systems\MovementSystem.hpp" />
    <ClInclude Include="src\World Handling\Room Generator.h" />
    <ClInclude Include="src\World Handling\Room Handler.h" />
    <ClInclude Include="src\World Handling\Room Layout.h" />
    <ClInclude Include="src\Scenes\TutorialScene.h" />
    <ClInclude Include="src\Scenes\GameOverScene.h" />
  </ItemGroup>
  <ItemGroup>
    <None Include=".clang-format" />
    <None Include="src\Scripts\Prefab.lua" />
    <None Include="src\Scripts\Prefabs.lua" />
    <None Include="src\Scripts\PuzzleCreatorLua.lua" />
    <None Include="src\Scripts\PuzzleLoader.lua" />
  </ItemGroup>
</Project>